// !$*UTF8*$!
{
	archiveVersion = 1;
	classes = {
	};
	objectVersion = 46;
	objects = {

/* Begin PBXBuildFile section */
		B12CE6331F53EE18008ABF74 /* main.m in Sources */ = {isa = PBXBuildFile; fileRef = B12CE6321F53EE18008ABF74 /* main.m */; };
		B12CE6361F53EE18008ABF74 /* AppDelegate.m in Sources */ = {isa = PBXBuildFile; fileRef = B12CE6351F53EE18008ABF74 /* AppDelegate.m */; };
		B12CE6391F53EE18008ABF74 /* ViewController.m in Sources */ = {isa = PBXBuildFile; fileRef = B12CE6381F53EE18008ABF74 /* ViewController.m */; };
		B12CE63C1F53EE18008ABF74 /* Main.storyboard in Resources */ = {isa = PBXBuildFile; fileRef = B12CE63A1F53EE18008ABF74 /* Main.storyboard */; };
		B12CE63E1F53EE18008ABF74 /* Assets.xcassets in Resources */ = {isa = PBXBuildFile; fileRef = B12CE63D1F53EE18008ABF74 /* Assets.xcassets */; };
		B12CE6411F53EE18008ABF74 /* LaunchScreen.storyboard in Resources */ = {isa = PBXBuildFile; fileRef = B12CE63F1F53EE18008ABF74 /* LaunchScreen.storyboard */; };
		B12CE64B1F53EF34008ABF74 /* UIView+ZHSWidget.m in Sources */ = {isa = PBXBuildFile; fileRef = B12CE64A1F53EF34008ABF74 /* UIView+ZHSWidget.m */; };
		B12CE64E1F53F2FD008ABF74 /* UIButton+ZHSWidget.m in Sources */ = {isa = PBXBuildFile; fileRef = B12CE64D1F53F2FD008ABF74 /* UIButton+ZHSWidget.m */; };
		B12CE6571F55003C008ABF74 /* UITableView+ZHSWidget.m in Sources */ = {isa = PBXBuildFile; fileRef = B12CE6561F55003C008ABF74 /* UITableView+ZHSWidget.m */; };
		B12CE65A1F550099008ABF74 /* ZHSTableViewBuffer.m in Sources */ = {isa = PBXBuildFile; fileRef = B12CE6591F550099008ABF74 /* ZHSTableViewBuffer.m */; };
		B12CE65D1F55053E008ABF74 /* UILabel+ZHSWidget.m in Sources */ = {isa = PBXBuildFile; fileRef = B12CE65C1F55053E008ABF74 /* UILabel+ZHSWidget.m */; };
/* End PBXBuildFile section */

/* Begin PBXFileReference section */
		B12CE62E1F53EE18008ABF74 /* ZHSKit.app */ = {isa = PBXFileReference; explicitFileType = wrapper.application; includeInIndex = 0; path = ZHSKit.app; sourceTree = BUILT_PRODUCTS_DIR; };
		B12CE6321F53EE18008ABF74 /* main.m */ = {isa = PBXFileReference; lastKnownFileType = sourcecode.c.objc; path = main.m; sourceTree = "<group>"; };
		B12CE6341F53EE18008ABF74 /* AppDelegate.h */ = {isa = PBXFileReference; lastKnownFileType = sourcecode.c.h; path = AppDelegate.h; sourceTree = "<group>"; };
		B12CE6351F53EE18008ABF74 /* AppDelegate.m */ = {isa = PBXFileReference; lastKnownFileType = sourcecode.c.objc; path = AppDelegate.m; sourceTree = "<group>"; };
		B12CE6371F53EE18008ABF74 /* ViewController.h */ = {isa = PBXFileReference; lastKnownFileType = sourcecode.c.h; path = ViewController.h; sourceTree = "<group>"; };
		B12CE6381F53EE18008ABF74 /* ViewController.m */ = {isa = PBXFileReference; lastKnownFileType = sourcecode.c.objc; path = ViewController.m; sourceTree = "<group>"; };
		B12CE63B1F53EE18008ABF74 /* Base */ = {isa = PBXFileReference; lastKnownFileType = file.storyboard; name = Base; path = Base.lproj/Main.storyboard; sourceTree = "<group>"; };
		B12CE63D1F53EE18008ABF74 /* Assets.xcassets */ = {isa = PBXFileReference; lastKnownFileType = folder.assetcatalog; path = Assets.xcassets; sourceTree = "<group>"; };
		B12CE6401F53EE18008ABF74 /* Base */ = {isa = PBXFileReference; lastKnownFileType = file.storyboard; name = Base; path = Base.lproj/LaunchScreen.storyboard; sourceTree = "<group>"; };
		B12CE6421F53EE18008ABF74 /* Info.plist */ = {isa = PBXFileReference; lastKnownFileType = text.plist.xml; path = Info.plist; sourceTree = "<group>"; };
		B12CE6491F53EF34008ABF74 /* UIView+ZHSWidget.h */ = {isa = PBXFileReference; fileEncoding = 4; lastKnownFileType = sourcecode.c.h; path = "UIView+ZHSWidget.h"; sourceTree = "<group>"; };
		B12CE64A1F53EF34008ABF74 /* UIView+ZHSWidget.m */ = {isa = PBXFileReference; fileEncoding = 4; lastKnownFileType = sourcecode.c.objc; path = "UIView+ZHSWidget.m"; sourceTree = "<group>"; };
		B12CE64C1F53F2FD008ABF74 /* UIButton+ZHSWidget.h */ = {isa = PBXFileReference; fileEncoding = 4; lastKnownFileType = sourcecode.c.h; path = "UIButton+ZHSWidget.h"; sourceTree = "<group>"; };
		B12CE64D1F53F2FD008ABF74 /* UIButton+ZHSWidget.m */ = {isa = PBXFileReference; fileEncoding = 4; lastKnownFileType = sourcecode.c.objc; path = "UIButton+ZHSWidget.m"; sourceTree = "<group>"; };
		B12CE6521F540C13008ABF74 /* ZHSWidget.h */ = {isa = PBXFileReference; lastKnownFileType = sourcecode.c.h; path = ZHSWidget.h; sourceTree = "<group>"; };
		B12CE6551F55003C008ABF74 /* UITableView+ZHSWidget.h */ = {isa = PBXFileReference; fileEncoding = 4; lastKnownFileType = sourcecode.c.h; path = "UITableView+ZHSWidget.h"; sourceTree = "<group>"; };
		B12CE6561F55003C008ABF74 /* UITableView+ZHSWidget.m */ = {isa = PBXFileReference; fileEncoding = 4; lastKnownFileType = sourcecode.c.objc; path = "UITableView+ZHSWidget.m"; sourceTree = "<group>"; };
		B12CE6581F550099008ABF74 /* ZHSTableViewBuffer.h */ = {isa = PBXFileReference; fileEncoding = 4; lastKnownFileType = sourcecode.c.h; path = ZHSTableViewBuffer.h; sourceTree = "<group>"; };
		B12CE6591F550099008ABF74 /* ZHSTableViewBuffer.m */ = {isa = PBXFileReference; fileEncoding = 4; lastKnownFileType = sourcecode.c.objc; path = ZHSTableViewBuffer.m; sourceTree = "<group>"; };
		B12CE65B1F55053E008ABF74 /* UILabel+ZHSWidget.h */ = {isa = PBXFileReference; fileEncoding = 4; lastKnownFileType = sourcecode.c.h; path = "UILabel+ZHSWidget.h"; sourceTree = "<group>"; };
		B12CE65C1F55053E008ABF74 /* UILabel+ZHSWidget.m */ = {isa = PBXFileReference; fileEncoding = 4; lastKnownFileType = sourcecode.c.objc; path = "UILabel+ZHSWidget.m"; sourceTree = "<group>"; };
/* End PBXFileReference section */

/* Begin PBXFrameworksBuildPhase section */
		B12CE62B1F53EE18008ABF74 /* Frameworks */ = {
			isa = PBXFrameworksBuildPhase;
			buildActionMask = 2147483647;
			files = (
			);
			runOnlyForDeploymentPostprocessing = 0;
		};
/* End PBXFrameworksBuildPhase section */

/* Begin PBXGroup section */
		B12CE6251F53EE18008ABF74 = {
			isa = PBXGroup;
			children = (
				B12CE6481F53EF02008ABF74 /* ZHSKitWidget */,
				B12CE6301F53EE18008ABF74 /* ZHSKit */,
				B12CE62F1F53EE18008ABF74 /* Products */,
			);
			sourceTree = "<group>";
		};
		B12CE62F1F53EE18008ABF74 /* Products */ = {
			isa = PBXGroup;
			children = (
				B12CE62E1F53EE18008ABF74 /* ZHSKit.app */,
			);
			name = Products;
			sourceTree = "<group>";
		};
		B12CE6301F53EE18008ABF74 /* ZHSKit */ = {
			isa = PBXGroup;
			children = (
				B12CE6341F53EE18008ABF74 /* AppDelegate.h */,
				B12CE6351F53EE18008ABF74 /* AppDelegate.m */,
				B12CE6371F53EE18008ABF74 /* ViewController.h */,
				B12CE6381F53EE18008ABF74 /* ViewController.m */,
				B12CE63A1F53EE18008ABF74 /* Main.storyboard */,
				B12CE63D1F53EE18008ABF74 /* Assets.xcassets */,
				B12CE63F1F53EE18008ABF74 /* LaunchScreen.storyboard */,
				B12CE6421F53EE18008ABF74 /* Info.plist */,
				B12CE6311F53EE18008ABF74 /* Supporting Files */,
			);
			path = ZHSKit;
			sourceTree = "<group>";
		};
		B12CE6311F53EE18008ABF74 /* Supporting Files */ = {
			isa = PBXGroup;
			children = (
				B12CE6321F53EE18008ABF74 /* main.m */,
			);
			name = "Supporting Files";
			sourceTree = "<group>";
		};
		B12CE6481F53EF02008ABF74 /* ZHSKitWidget */ = {
			isa = PBXGroup;
			children = (
				B12CE6491F53EF34008ABF74 /* UIView+ZHSWidget.h */,
				B12CE64A1F53EF34008ABF74 /* UIView+ZHSWidget.m */,
				B12CE64C1F53F2FD008ABF74 /* UIButton+ZHSWidget.h */,
				B12CE64D1F53F2FD008ABF74 /* UIButton+ZHSWidget.m */,
				B12CE65B1F55053E008ABF74 /* UILabel+ZHSWidget.h */,
				B12CE65C1F55053E008ABF74 /* UILabel+ZHSWidget.m */,
				B12CE6551F55003C008ABF74 /* UITableView+ZHSWidget.h */,
				B12CE6561F55003C008ABF74 /* UITableView+ZHSWidget.m */,
				B12CE6581F550099008ABF74 /* ZHSTableViewBuffer.h */,
				B12CE6591F550099008ABF74 /* ZHSTableViewBuffer.m */,
				B12CE6521F540C13008ABF74 /* ZHSWidget.h */,
			);
			path = ZHSKitWidget;
			sourceTree = "<group>";
		};
/* End PBXGroup section */

/* Begin PBXNativeTarget section */
		B12CE62D1F53EE18008ABF74 /* ZHSKit */ = {
			isa = PBXNativeTarget;
			buildConfigurationList = B12CE6451F53EE18008ABF74 /* Build configuration list for PBXNativeTarget "ZHSKit" */;
			buildPhases = (
				B12CE62A1F53EE18008ABF74 /* Sources */,
				B12CE62B1F53EE18008ABF74 /* Frameworks */,
				B12CE62C1F53EE18008ABF74 /* Resources */,
			);
			buildRules = (
			);
			dependencies = (
			);
			name = ZHSKit;
			productName = ZHSKit;
			productReference = B12CE62E1F53EE18008ABF74 /* ZHSKit.app */;
			productType = "com.apple.product-type.application";
		};
/* End PBXNativeTarget section */

/* Begin PBXProject section */
		B12CE6261F53EE18008ABF74 /* Project object */ = {
			isa = PBXProject;
			attributes = {
				CLASSPREFIX = ZHS;
				LastUpgradeCheck = 0830;
				ORGANIZATIONNAME = zhs;
				TargetAttributes = {
					B12CE62D1F53EE18008ABF74 = {
						CreatedOnToolsVersion = 8.3.3;
						ProvisioningStyle = Automatic;
					};
				};
			};
			buildConfigurationList = B12CE6291F53EE18008ABF74 /* Build configuration list for PBXProject "ZHSKit" */;
			compatibilityVersion = "Xcode 3.2";
			developmentRegion = English;
			hasScannedForEncodings = 0;
			knownRegions = (
				en,
				Base,
			);
			mainGroup = B12CE6251F53EE18008ABF74;
			productRefGroup = B12CE62F1F53EE18008ABF74 /* Products */;
			projectDirPath = "";
			projectRoot = "";
			targets = (
				B12CE62D1F53EE18008ABF74 /* ZHSKit */,
			);
		};
/* End PBXProject section */

/* Begin PBXResourcesBuildPhase section */
		B12CE62C1F53EE18008ABF74 /* Resources */ = {
			isa = PBXResourcesBuildPhase;
			buildActionMask = 2147483647;
			files = (
				B12CE6411F53EE18008ABF74 /* LaunchScreen.storyboard in Resources */,
				B12CE63E1F53EE18008ABF74 /* Assets.xcassets in Resources */,
				B12CE63C1F53EE18008ABF74 /* Main.storyboard in Resources */,
			);
			runOnlyForDeploymentPostprocessing = 0;
		};
/* End PBXResourcesBuildPhase section */

/* Begin PBXSourcesBuildPhase section */
		B12CE62A1F53EE18008ABF74 /* Sources */ = {
			isa = PBXSourcesBuildPhase;
			buildActionMask = 2147483647;
			files = (
				B12CE65D1F55053E008ABF74 /* UILabel+ZHSWidget.m in Sources */,
				B12CE6391F53EE18008ABF74 /* ViewController.m in Sources */,
				B12CE65A1F550099008ABF74 /* ZHSTableViewBuffer.m in Sources */,
				B12CE64E1F53F2FD008ABF74 /* UIButton+ZHSWidget.m in Sources */,
				B12CE6361F53EE18008ABF74 /* AppDelegate.m in Sources */,
				B12CE6571F55003C008ABF74 /* UITableView+ZHSWidget.m in Sources */,
				B12CE64B1F53EF34008ABF74 /* UIView+ZHSWidget.m in Sources */,
				B12CE6331F53EE18008ABF74 /* main.m in Sources */,
			);
			runOnlyForDeploymentPostprocessing = 0;
		};
/* End PBXSourcesBuildPhase section */

/* Begin PBXVariantGroup section */
		B12CE63A1F53EE18008ABF74 /* Main.storyboard */ = {
			isa = PBXVariantGroup;
			children = (
				B12CE63B1F53EE18008ABF74 /* Base */,
			);
			name = Main.storyboard;
			sourceTree = "<group>";
		};
		B12CE63F1F53EE18008ABF74 /* LaunchScreen.storyboard */ = {
			isa = PBXVariantGroup;
			children = (
				B12CE6401F53EE18008ABF74 /* Base */,
			);
			name = LaunchScreen.storyboard;
			sourceTree = "<group>";
		};
/* End PBXVariantGroup section */

/* Begin XCBuildConfiguration section */
		B12CE6431F53EE18008ABF74 /* Debug */ = {
			isa = XCBuildConfiguration;
			buildSettings = {
				ALWAYS_SEARCH_USER_PATHS = NO;
				CLANG_ANALYZER_NONNULL = YES;
				CLANG_ANALYZER_NUMBER_OBJECT_CONVERSION = YES_AGGRESSIVE;
				CLANG_CXX_LANGUAGE_STANDARD = "gnu++0x";
				CLANG_CXX_LIBRARY = "libc++";
				CLANG_ENABLE_MODULES = YES;
				CLANG_ENABLE_OBJC_ARC = YES;
				CLANG_WARN_BOOL_CONVERSION = YES;
				CLANG_WARN_CONSTANT_CONVERSION = YES;
				CLANG_WARN_DIRECT_OBJC_ISA_USAGE = YES_ERROR;
				CLANG_WARN_DOCUMENTATION_COMMENTS = YES;
				CLANG_WARN_EMPTY_BODY = YES;
				CLANG_WARN_ENUM_CONVERSION = YES;
				CLANG_WARN_INFINITE_RECURSION = YES;
				CLANG_WARN_INT_CONVERSION = YES;
				CLANG_WARN_OBJC_ROOT_CLASS = YES_ERROR;
				CLANG_WARN_SUSPICIOUS_MOVE = YES;
				CLANG_WARN_UNREACHABLE_CODE = YES;
				CLANG_WARN__DUPLICATE_METHOD_MATCH = YES;
				"CODE_SIGN_IDENTITY[sdk=iphoneos*]" = "iPhone Developer";
				COPY_PHASE_STRIP = NO;
				DEBUG_INFORMATION_FORMAT = dwarf;
				ENABLE_STRICT_OBJC_MSGSEND = YES;
				ENABLE_TESTABILITY = YES;
				GCC_C_LANGUAGE_STANDARD = gnu99;
				GCC_DYNAMIC_NO_PIC = NO;
				GCC_NO_COMMON_BLOCKS = YES;
				GCC_OPTIMIZATION_LEVEL = 0;
				GCC_PREPROCESSOR_DEFINITIONS = (
					"DEBUG=1",
					"$(inherited)",
				);
				GCC_WARN_64_TO_32_BIT_CONVERSION = YES;
				GCC_WARN_ABOUT_RETURN_TYPE = YES_ERROR;
				GCC_WARN_UNDECLARED_SELECTOR = YES;
				GCC_WARN_UNINITIALIZED_AUTOS = YES_AGGRESSIVE;
				GCC_WARN_UNUSED_FUNCTION = YES;
				GCC_WARN_UNUSED_VARIABLE = YES;
				IPHONEOS_DEPLOYMENT_TARGET = 10.3;
				MTL_ENABLE_DEBUG_INFO = YES;
				ONLY_ACTIVE_ARCH = YES;
				SDKROOT = iphoneos;
			};
			name = Debug;
		};
		B12CE6441F53EE18008ABF74 /* Release */ = {
			isa = XCBuildConfiguration;
			buildSettings = {
				ALWAYS_SEARCH_USER_PATHS = NO;
				CLANG_ANALYZER_NONNULL = YES;
				CLANG_ANALYZER_NUMBER_OBJECT_CONVERSION = YES_AGGRESSIVE;
				CLANG_CXX_LANGUAGE_STANDARD = "gnu++0x";
				CLANG_CXX_LIBRARY = "libc++";
				CLANG_ENABLE_MODULES = YES;
				CLANG_ENABLE_OBJC_ARC = YES;
				CLANG_WARN_BOOL_CONVERSION = YES;
				CLANG_WARN_CONSTANT_CONVERSION = YES;
				CLANG_WARN_DIRECT_OBJC_ISA_USAGE = YES_ERROR;
				CLANG_WARN_DOCUMENTATION_COMMENTS = YES;
				CLANG_WARN_EMPTY_BODY = YES;
				CLANG_WARN_ENUM_CONVERSION = YES;
				CLANG_WARN_INFINITE_RECURSION = YES;
				CLANG_WARN_INT_CONVERSION = YES;
				CLANG_WARN_OBJC_ROOT_CLASS = YES_ERROR;
				CLANG_WARN_SUSPICIOUS_MOVE = YES;
				CLANG_WARN_UNREACHABLE_CODE = YES;
				CLANG_WARN__DUPLICATE_METHOD_MATCH = YES;
				"CODE_SIGN_IDENTITY[sdk=iphoneos*]" = "iPhone Developer";
				COPY_PHASE_STRIP = NO;
				DEBUG_INFORMATION_FORMAT = "dwarf-with-dsym";
				ENABLE_NS_ASSERTIONS = NO;
				ENABLE_STRICT_OBJC_MSGSEND = YES;
				GCC_C_LANGUAGE_STANDARD = gnu99;
				GCC_NO_COMMON_BLOCKS = YES;
				GCC_WARN_64_TO_32_BIT_CONVERSION = YES;
				GCC_WARN_ABOUT_RETURN_TYPE = YES_ERROR;
				GCC_WARN_UNDECLARED_SELECTOR = YES;
				GCC_WARN_UNINITIALIZED_AUTOS = YES_AGGRESSIVE;
				GCC_WARN_UNUSED_FUNCTION = YES;
				GCC_WARN_UNUSED_VARIABLE = YES;
				IPHONEOS_DEPLOYMENT_TARGET = 10.3;
				MTL_ENABLE_DEBUG_INFO = NO;
				SDKROOT = iphoneos;
				VALIDATE_PRODUCT = YES;
			};
			name = Release;
		};
		B12CE6461F53EE18008ABF74 /* Debug */ = {
			isa = XCBuildConfiguration;
			buildSettings = {
				ASSETCATALOG_COMPILER_APPICON_NAME = AppIcon;
				INFOPLIST_FILE = ZHSKit/Info.plist;
				LD_RUNPATH_SEARCH_PATHS = "$(inherited) @executable_path/Frameworks";
				PRODUCT_BUNDLE_IDENTIFIER = demo.ZHSKit;
				PRODUCT_NAME = "$(TARGET_NAME)";
			};
			name = Debug;
		};
		B12CE6471F53EE18008ABF74 /* Release */ = {
			isa = XCBuildConfiguration;
			buildSettings = {
				ASSETCATALOG_COMPILER_APPICON_NAME = AppIcon;
				INFOPLIST_FILE = ZHSKit/Info.plist;
				LD_RUNPATH_SEARCH_PATHS = "$(inherited) @executable_path/Frameworks";
				PRODUCT_BUNDLE_IDENTIFIER = demo.ZHSKit;
				PRODUCT_NAME = "$(TARGET_NAME)";
			};
			name = Release;
		};
/* End XCBuildConfiguration section */

/* Begin XCConfigurationList section */
		B12CE6291F53EE18008ABF74 /* Build configuration list for PBXProject "ZHSKit" */ = {
			isa = XCConfigurationList;
			buildConfigurations = (
				B12CE6431F53EE18008ABF74 /* Debug */,
				B12CE6441F53EE18008ABF74 /* Release */,
			);
			defaultConfigurationIsVisible = 0;
			defaultConfigurationName = Release;
		};
		B12CE6451F53EE18008ABF74 /* Build configuration list for PBXNativeTarget "ZHSKit" */ = {
			isa = XCConfigurationList;
			buildConfigurations = (
				B12CE6461F53EE18008ABF74 /* Debug */,
				B12CE6471F53EE18008ABF74 /* Release */,
			);
			defaultConfigurationIsVisible = 0;
			defaultConfigurationName = Release;
		};
/* End XCConfigurationList section */
	};
	rootObject = B12CE6261F53EE18008ABF74 /* Project object */;
}
